
Microsoft Visual Studio Solution File, Format Version 12.00
# Visual Studio Version 16
VisualStudioVersion = 16.0.30309.148
MinimumVisualStudioVersion = 10.0.40219.1
Project("{9A19103F-16F7-4668-BE54-9A1E7A4F7556}") = "WebApiServer", "WebApiServer\WebApiServer.csproj", "{DA4E3E04-3788-400F-8682-6F28ACE169DE}"
	ProjectSection(ProjectDependencies) = postProject
		{C9A77367-165E-4A8F-BECD-78E2239B43B5} = {C9A77367-165E-4A8F-BECD-78E2239B43B5}
	EndProjectSection
EndProject
Project("{FAE04EC0-301F-11D3-BF4B-00C04F79EFBC}") = "Database", "Database\Database.csproj", "{C9A77367-165E-4A8F-BECD-78E2239B43B5}"
EndProject
Global
	GlobalSection(SolutionConfigurationPlatforms) = preSolution
		Debug|Any CPU = Debug|Any CPU
		Release|Any CPU = Release|Any CPU
	EndGlobalSection
	GlobalSection(ProjectConfigurationPlatforms) = postSolution
		{DA4E3E04-3788-400F-8682-6F28ACE169DE}.Debug|Any CPU.ActiveCfg = Debug|Any CPU
		{DA4E3E04-3788-400F-8682-6F28ACE169DE}.Debug|Any CPU.Build.0 = Debug|Any CPU
		{DA4E3E04-3788-400F-8682-6F28ACE169DE}.Release|Any CPU.ActiveCfg = Release|Any CPU
		{DA4E3E04-3788-400F-8682-6F28ACE169DE}.Release|Any CPU.Build.0 = Release|Any CPU
		{C9A77367-165E-4A8F-BECD-78E2239B43B5}.Debug|Any CPU.ActiveCfg = Debug|Any CPU
		{C9A77367-165E-4A8F-BECD-78E2239B43B5}.Debug|Any CPU.Build.0 = Debug|Any CPU
		{C9A77367-165E-4A8F-BECD-78E2239B43B5}.Release|Any CPU.ActiveCfg = Release|Any CPU
		{C9A77367-165E-4A8F-BECD-78E2239B43B5}.Release|Any CPU.Build.0 = Release|Any CPU
	EndGlobalSection
	GlobalSection(SolutionProperties) = preSolution
		HideSolutionNode = FALSE
	EndGlobalSection
	GlobalSection(ExtensibilityGlobals) = postSolution
		SolutionGuid = {01CD9C5D-6B30-4954-930C-B5424C60CF54}
	EndGlobalSection
EndGlobal
